// !$*UTF8*$!
{
	archiveVersion = 1;
	classes = {
	};
	objectVersion = 46;
	objects = {

/* Begin PBXBuildFile section */
		0A2AE2A71C57AFA7007525C3 /* TimingCell.swift in Sources */ = {isa = PBXBuildFile; fileRef = 0A2AE2A61C57AFA7007525C3 /* TimingCell.swift */; };
		0A2AE2A91C57C3FD007525C3 /* View.swift in Sources */ = {isa = PBXBuildFile; fileRef = 0A2AE2A81C57C3FD007525C3 /* View.swift */; };
		0A2AE2AB1C57C827007525C3 /* HeaderView.swift in Sources */ = {isa = PBXBuildFile; fileRef = 0A2AE2AA1C57C827007525C3 /* HeaderView.swift */; };
		491C31E51C56E69F00910389 /* AppDelegate.swift in Sources */ = {isa = PBXBuildFile; fileRef = 491C31E41C56E69F00910389 /* AppDelegate.swift */; };
		491C31E71C56E69F00910389 /* ViewController.swift in Sources */ = {isa = PBXBuildFile; fileRef = 491C31E61C56E69F00910389 /* ViewController.swift */; };
		491C31EC1C56E69F00910389 /* Assets.xcassets in Resources */ = {isa = PBXBuildFile; fileRef = 491C31EB1C56E69F00910389 /* Assets.xcassets */; };
		491C31EF1C56E69F00910389 /* LaunchScreen.storyboard in Resources */ = {isa = PBXBuildFile; fileRef = 491C31ED1C56E69F00910389 /* LaunchScreen.storyboard */; };
		491C31FC1C56E7F100910389 /* MKTween.framework in Frameworks */ = {isa = PBXBuildFile; fileRef = 491C31FB1C56E7F100910389 /* MKTween.framework */; };
		491C31FE1C56E7F300910389 /* MKTween.framework in Embed Frameworks */ = {isa = PBXBuildFile; fileRef = 491C31FB1C56E7F100910389 /* MKTween.framework */; settings = {ATTRIBUTES = (CodeSignOnCopy, RemoveHeadersOnCopy, ); }; };
/* End PBXBuildFile section */

/* Begin PBXCopyFilesBuildPhase section */
		491C31FF1C56E7F300910389 /* Embed Frameworks */ = {
			isa = PBXCopyFilesBuildPhase;
			buildActionMask = 2147483647;
			dstPath = "";
			dstSubfolderSpec = 10;
			files = (
				491C31FE1C56E7F300910389 /* MKTween.framework in Embed Frameworks */,
			);
			name = "Embed Frameworks";
			runOnlyForDeploymentPostprocessing = 0;
		};
/* End PBXCopyFilesBuildPhase section */

/* Begin PBXFileReference section */
		0A2AE2A61C57AFA7007525C3 /* TimingCell.swift */ = {isa = PBXFileReference; fileEncoding = 4; lastKnownFileType = sourcecode.swift; path = TimingCell.swift; sourceTree = "<group>"; };
		0A2AE2A81C57C3FD007525C3 /* View.swift */ = {isa = PBXFileReference; fileEncoding = 4; lastKnownFileType = sourcecode.swift; path = View.swift; sourceTree = "<group>"; };
		0A2AE2AA1C57C827007525C3 /* HeaderView.swift */ = {isa = PBXFileReference; fileEncoding = 4; lastKnownFileType = sourcecode.swift; path = HeaderView.swift; sourceTree = "<group>"; };
		491C31E11C56E69F00910389 /* MTweenDemo.app */ = {isa = PBXFileReference; explicitFileType = wrapper.application; includeInIndex = 0; path = MTweenDemo.app; sourceTree = BUILT_PRODUCTS_DIR; };
		491C31E41C56E69F00910389 /* AppDelegate.swift */ = {isa = PBXFileReference; lastKnownFileType = sourcecode.swift; path = AppDelegate.swift; sourceTree = "<group>"; };
		491C31E61C56E69F00910389 /* ViewController.swift */ = {isa = PBXFileReference; lastKnownFileType = sourcecode.swift; path = ViewController.swift; sourceTree = "<group>"; };
		491C31EB1C56E69F00910389 /* Assets.xcassets */ = {isa = PBXFileReference; lastKnownFileType = folder.assetcatalog; path = Assets.xcassets; sourceTree = "<group>"; };
		491C31EE1C56E69F00910389 /* Base */ = {isa = PBXFileReference; lastKnownFileType = file.storyboard; name = Base; path = Base.lproj/LaunchScreen.storyboard; sourceTree = "<group>"; };
		491C31F01C56E69F00910389 /* Info.plist */ = {isa = PBXFileReference; lastKnownFileType = text.plist.xml; path = Info.plist; sourceTree = "<group>"; };
		491C31FB1C56E7F100910389 /* MKTween.framework */ = {isa = PBXFileReference; lastKnownFileType = wrapper.framework; name = MKTween.framework; path = ../Frameworks/MKTween.framework; sourceTree = "<group>"; };
/* End PBXFileReference section */

/* Begin PBXFrameworksBuildPhase section */
		491C31DE1C56E69F00910389 /* Frameworks */ = {
			isa = PBXFrameworksBuildPhase;
			buildActionMask = 2147483647;
			files = (
				491C31FC1C56E7F100910389 /* MKTween.framework in Frameworks */,
			);
			runOnlyForDeploymentPostprocessing = 0;
		};
/* End PBXFrameworksBuildPhase section */

/* Begin PBXGroup section */
		491C31D81C56E69F00910389 = {
			isa = PBXGroup;
			children = (
				491C31FB1C56E7F100910389 /* MKTween.framework */,
				491C31E31C56E69F00910389 /* MTweenDemo */,
				491C31E21C56E69F00910389 /* Products */,
			);
			sourceTree = "<group>";
		};
		491C31E21C56E69F00910389 /* Products */ = {
			isa = PBXGroup;
			children = (
				491C31E11C56E69F00910389 /* MTweenDemo.app */,
			);
			name = Products;
			sourceTree = "<group>";
		};
		491C31E31C56E69F00910389 /* MTweenDemo */ = {
			isa = PBXGroup;
			children = (
				491C31E41C56E69F00910389 /* AppDelegate.swift */,
				491C31E61C56E69F00910389 /* ViewController.swift */,
				0A2AE2A81C57C3FD007525C3 /* View.swift */,
				0A2AE2A61C57AFA7007525C3 /* TimingCell.swift */,
				491C31EB1C56E69F00910389 /* Assets.xcassets */,
				491C31ED1C56E69F00910389 /* LaunchScreen.storyboard */,
				491C31F01C56E69F00910389 /* Info.plist */,
				0A2AE2AA1C57C827007525C3 /* HeaderView.swift */,
			);
			path = MTweenDemo;
			sourceTree = "<group>";
		};
/* End PBXGroup section */

/* Begin PBXNativeTarget section */
		491C31E01C56E69F00910389 /* MTweenDemo */ = {
			isa = PBXNativeTarget;
			buildConfigurationList = 491C31F31C56E69F00910389 /* Build configuration list for PBXNativeTarget "MTweenDemo" */;
			buildPhases = (
				491C31DD1C56E69F00910389 /* Sources */,
				491C31DE1C56E69F00910389 /* Frameworks */,
				491C31DF1C56E69F00910389 /* Resources */,
				491C31FF1C56E7F300910389 /* Embed Frameworks */,
			);
			buildRules = (
			);
			dependencies = (
			);
			name = MTweenDemo;
			productName = MTweenDemo;
			productReference = 491C31E11C56E69F00910389 /* MTweenDemo.app */;
			productType = "com.apple.product-type.application";
		};
/* End PBXNativeTarget section */

/* Begin PBXProject section */
		491C31D91C56E69F00910389 /* Project object */ = {
			isa = PBXProject;
			attributes = {
				LastSwiftUpdateCheck = 0720;
				LastUpgradeCheck = 0720;
				ORGANIZATIONNAME = "Kevin Malkic";
				TargetAttributes = {
					491C31E01C56E69F00910389 = {
						CreatedOnToolsVersion = 7.2;
					};
				};
			};
			buildConfigurationList = 491C31DC1C56E69F00910389 /* Build configuration list for PBXProject "MTweenDemo" */;
			compatibilityVersion = "Xcode 3.2";
			developmentRegion = English;
			hasScannedForEncodings = 0;
			knownRegions = (
				en,
				Base,
			);
			mainGroup = 491C31D81C56E69F00910389;
			productRefGroup = 491C31E21C56E69F00910389 /* Products */;
			projectDirPath = "";
			projectRoot = "";
			targets = (
				491C31E01C56E69F00910389 /* MTweenDemo */,
			);
		};
/* End PBXProject section */

/* Begin PBXResourcesBuildPhase section */
		491C31DF1C56E69F00910389 /* Resources */ = {
			isa = PBXResourcesBuildPhase;
			buildActionMask = 2147483647;
			files = (
				491C31EF1C56E69F00910389 /* LaunchScreen.storyboard in Resources */,
				491C31EC1C56E69F00910389 /* Assets.xcassets in Resources */,
			);
			runOnlyForDeploymentPostprocessing = 0;
		};
/* End PBXResourcesBuildPhase section */

/* Begin PBXSourcesBuildPhase section */
		491C31DD1C56E69F00910389 /* Sources */ = {
			isa = PBXSourcesBuildPhase;
			buildActionMask = 2147483647;
			files = (
				0A2AE2AB1C57C827007525C3 /* HeaderView.swift in Sources */,
				0A2AE2A91C57C3FD007525C3 /* View.swift in Sources */,
				491C31E71C56E69F00910389 /* ViewController.swift in Sources */,
				491C31E51C56E69F00910389 /* AppDelegate.swift in Sources */,
				0A2AE2A71C57AFA7007525C3 /* TimingCell.swift in Sources */,
			);
			runOnlyForDeploymentPostprocessing = 0;
		};
/* End PBXSourcesBuildPhase section */

/* Begin PBXVariantGroup section */
		491C31ED1C56E69F00910389 /* LaunchScreen.storyboard */ = {
			isa = PBXVariantGroup;
			children = (
				491C31EE1C56E69F00910389 /* Base */,
			);
			name = LaunchScreen.storyboard;
			sourceTree = "<group>";
		};
/* End PBXVariantGroup section */

/* Begin XCBuildConfiguration section */
		491C31F11C56E69F00910389 /* Debug */ = {
			isa = XCBuildConfiguration;
			buildSettings = {
				ALWAYS_SEARCH_USER_PATHS = NO;
				CLANG_CXX_LANGUAGE_STANDARD = "gnu++0x";
				CLANG_CXX_LIBRARY = "libc++";
				CLANG_ENABLE_MODULES = YES;
				CLANG_ENABLE_OBJC_ARC = YES;
				CLANG_WARN_BOOL_CONVERSION = YES;
				CLANG_WARN_CONSTANT_CONVERSION = YES;
				CLANG_WARN_DIRECT_OBJC_ISA_USAGE = YES_ERROR;
				CLANG_WARN_EMPTY_BODY = YES;
				CLANG_WARN_ENUM_CONVERSION = YES;
				CLANG_WARN_INT_CONVERSION = YES;
				CLANG_WARN_OBJC_ROOT_CLASS = YES_ERROR;
				CLANG_WARN_UNREACHABLE_CODE = YES;
				CLANG_WARN__DUPLICATE_METHOD_MATCH = YES;
				"CODE_SIGN_IDENTITY[sdk=iphoneos*]" = "iPhone Developer";
				COPY_PHASE_STRIP = NO;
				DEBUG_INFORMATION_FORMAT = dwarf;
				ENABLE_STRICT_OBJC_MSGSEND = YES;
				ENABLE_TESTABILITY = YES;
				GCC_C_LANGUAGE_STANDARD = gnu99;
				GCC_DYNAMIC_NO_PIC = NO;
				GCC_NO_COMMON_BLOCKS = YES;
				GCC_OPTIMIZATION_LEVEL = 0;
				GCC_PREPROCESSOR_DEFINITIONS = (
					"DEBUG=1",
					"$(inherited)",
				);
				GCC_WARN_64_TO_32_BIT_CONVERSION = YES;
				GCC_WARN_ABOUT_RETURN_TYPE = YES_ERROR;
				GCC_WARN_UNDECLARED_SELECTOR = YES;
				GCC_WARN_UNINITIALIZED_AUTOS = YES_AGGRESSIVE;
				GCC_WARN_UNUSED_FUNCTION = YES;
				GCC_WARN_UNUSED_VARIABLE = YES;
				IPHONEOS_DEPLOYMENT_TARGET = 9.2;
				MTL_ENABLE_DEBUG_INFO = YES;
				ONLY_ACTIVE_ARCH = YES;
				SDKROOT = iphoneos;
				SWIFT_OPTIMIZATION_LEVEL = "-Onone";
				TARGETED_DEVICE_FAMILY = "1,2";
			};
			name = Debug;
		};
		491C31F21C56E69F00910389 /* Release */ = {
			isa = XCBuildConfiguration;
			buildSettings = {
				ALWAYS_SEARCH_USER_PATHS = NO;
				CLANG_CXX_LANGUAGE_STANDARD = "gnu++0x";
				CLANG_CXX_LIBRARY = "libc++";
				CLANG_ENABLE_MODULES = YES;
				CLANG_ENABLE_OBJC_ARC = YES;
				CLANG_WARN_BOOL_CONVERSION = YES;
				CLANG_WARN_CONSTANT_CONVERSION = YES;
				CLANG_WARN_DIRECT_OBJC_ISA_USAGE = YES_ERROR;
				CLANG_WARN_EMPTY_BODY = YES;
				CLANG_WARN_ENUM_CONVERSION = YES;
				CLANG_WARN_INT_CONVERSION = YES;
				CLANG_WARN_OBJC_ROOT_CLASS = YES_ERROR;
				CLANG_WARN_UNREACHABLE_CODE = YES;
				CLANG_WARN__DUPLICATE_METHOD_MATCH = YES;
				"CODE_SIGN_IDENTITY[sdk=iphoneos*]" = "iPhone Developer";
				COPY_PHASE_STRIP = NO;
				DEBUG_INFORMATION_FORMAT = "dwarf-with-dsym";
				ENABLE_NS_ASSERTIONS = NO;
				ENABLE_STRICT_OBJC_MSGSEND = YES;
				GCC_C_LANGUAGE_STANDARD = gnu99;
				GCC_NO_COMMON_BLOCKS = YES;
				GCC_WARN_64_TO_32_BIT_CONVERSION = YES;
				GCC_WARN_ABOUT_RETURN_TYPE = YES_ERROR;
				GCC_WARN_UNDECLARED_SELECTOR = YES;
				GCC_WARN_UNINITIALIZED_AUTOS = YES_AGGRESSIVE;
				GCC_WARN_UNUSED_FUNCTION = YES;
				GCC_WARN_UNUSED_VARIABLE = YES;
				IPHONEOS_DEPLOYMENT_TARGET = 9.2;
				MTL_ENABLE_DEBUG_INFO = NO;
				SDKROOT = iphoneos;
				TARGETED_DEVICE_FAMILY = "1,2";
				VALIDATE_PRODUCT = YES;
			};
			name = Release;
		};
		491C31F41C56E69F00910389 /* Debug */ = {
			isa = XCBuildConfiguration;
			buildSettings = {
				ASSETCATALOG_COMPILER_APPICON_NAME = AppIcon;
				FRAMEWORK_SEARCH_PATHS = "$(SRCROOT)/../Frameworks";
				INFOPLIST_FILE = MTweenDemo/Info.plist;
				IPHONEOS_DEPLOYMENT_TARGET = 8.0;
				LD_RUNPATH_SEARCH_PATHS = "$(inherited) @executable_path/Frameworks";
				PRODUCT_BUNDLE_IDENTIFIER = com.kevinmalkic.MTweenDemo;
				PRODUCT_NAME = "$(TARGET_NAME)";
			};
			name = Debug;
		};
		491C31F51C56E69F00910389 /* Release */ = {
			isa = XCBuildConfiguration;
			buildSettings = {
				ASSETCATALOG_COMPILER_APPICON_NAME = AppIcon;
				FRAMEWORK_SEARCH_PATHS = "$(SRCROOT)/../Frameworks";
				INFOPLIST_FILE = MTweenDemo/Info.plist;
				IPHONEOS_DEPLOYMENT_TARGET = 8.0;
				LD_RUNPATH_SEARCH_PATHS = "$(inherited) @executable_path/Frameworks";
				PRODUCT_BUNDLE_IDENTIFIER = com.kevinmalkic.MTweenDemo;
				PRODUCT_NAME = "$(TARGET_NAME)";
			};
			name = Release;
		};
/* End XCBuildConfiguration section */

/* Begin XCConfigurationList section */
		491C31DC1C56E69F00910389 /* Build configuration list for PBXProject "MTweenDemo" */ = {
			isa = XCConfigurationList;
			buildConfigurations = (
				491C31F11C56E69F00910389 /* Debug */,
				491C31F21C56E69F00910389 /* Release */,
			);
			defaultConfigurationIsVisible = 0;
			defaultConfigurationName = Release;
		};
		491C31F31C56E69F00910389 /* Build configuration list for PBXNativeTarget "MTweenDemo" */ = {
			isa = XCConfigurationList;
			buildConfigurations = (
				491C31F41C56E69F00910389 /* Debug */,
				491C31F51C56E69F00910389 /* Release */,
			);
			defaultConfigurationIsVisible = 0;
			defaultConfigurationName = Release;
		};
/* End XCConfigurationList section */
	};
	rootObject = 491C31D91C56E69F00910389 /* Project object */;
}
