// !$*UTF8*$!
{
	archiveVersion = 1;
	classes = {
	};
	objectVersion = 46;
	objects = {

/* Begin PBXBuildFile section */
		0A2AE2A71C57AFA7007525C3 /* Menu.Timing.Cell.swift in Sources */ = {isa = PBXBuildFile; fileRef = 0A2AE2A61C57AFA7007525C3 /* Menu.Timing.Cell.swift */; };
		0A2AE2AB1C57C827007525C3 /* HeaderView.swift in Sources */ = {isa = PBXBuildFile; fileRef = 0A2AE2AA1C57C827007525C3 /* HeaderView.swift */; };
		4911DE13225CC19F004866CD /* MKTween.framework in Frameworks */ = {isa = PBXBuildFile; fileRef = 4911DE11225CC18C004866CD /* MKTween.framework */; };
		4911DE14225CC19F004866CD /* MKTween.framework in Embed Frameworks */ = {isa = PBXBuildFile; fileRef = 4911DE11225CC18C004866CD /* MKTween.framework */; settings = {ATTRIBUTES = (CodeSignOnCopy, RemoveHeadersOnCopy, ); }; };
		4911DE17225CCC7F004866CD /* Subviewable.swift in Sources */ = {isa = PBXBuildFile; fileRef = 4911DE16225CCC7F004866CD /* Subviewable.swift */; };
		4911DE19225CCD97004866CD /* Menu.ViewController.swift in Sources */ = {isa = PBXBuildFile; fileRef = 4911DE18225CCD97004866CD /* Menu.ViewController.swift */; };
		4911DE1B225CE16F004866CD /* Menu.Group.ViewController.swift in Sources */ = {isa = PBXBuildFile; fileRef = 4911DE1A225CE16F004866CD /* Menu.Group.ViewController.swift */; };
		4911DE1D225CEA7A004866CD /* Menu.Sequence.ViewController.swift in Sources */ = {isa = PBXBuildFile; fileRef = 4911DE1C225CEA7A004866CD /* Menu.Sequence.ViewController.swift */; };
		491C31E51C56E69F00910389 /* AppDelegate.swift in Sources */ = {isa = PBXBuildFile; fileRef = 491C31E41C56E69F00910389 /* AppDelegate.swift */; };
		491C31E71C56E69F00910389 /* Menu.Timing.ViewController.swift in Sources */ = {isa = PBXBuildFile; fileRef = 491C31E61C56E69F00910389 /* Menu.Timing.ViewController.swift */; };
		491C31EC1C56E69F00910389 /* Assets.xcassets in Resources */ = {isa = PBXBuildFile; fileRef = 491C31EB1C56E69F00910389 /* Assets.xcassets */; };
		491C31EF1C56E69F00910389 /* LaunchScreen.storyboard in Resources */ = {isa = PBXBuildFile; fileRef = 491C31ED1C56E69F00910389 /* LaunchScreen.storyboard */; };
		B2F9913C415E84824D76EB9F /* Pods_MKTweenDemo.framework in Frameworks */ = {isa = PBXBuildFile; fileRef = 3745965A0F241E5DDAEAF5E6 /* Pods_MKTweenDemo.framework */; };
/* End PBXBuildFile section */

/* Begin PBXCopyFilesBuildPhase section */
		4911DE15225CC19F004866CD /* Embed Frameworks */ = {
			isa = PBXCopyFilesBuildPhase;
			buildActionMask = 2147483647;
			dstPath = "";
			dstSubfolderSpec = 10;
			files = (
				4911DE14225CC19F004866CD /* MKTween.framework in Embed Frameworks */,
			);
			name = "Embed Frameworks";
			runOnlyForDeploymentPostprocessing = 0;
		};
/* End PBXCopyFilesBuildPhase section */

/* Begin PBXFileReference section */
		0A2AE2A61C57AFA7007525C3 /* Menu.Timing.Cell.swift */ = {isa = PBXFileReference; fileEncoding = 4; lastKnownFileType = sourcecode.swift; path = Menu.Timing.Cell.swift; sourceTree = "<group>"; };
		0A2AE2AA1C57C827007525C3 /* HeaderView.swift */ = {isa = PBXFileReference; fileEncoding = 4; lastKnownFileType = sourcecode.swift; path = HeaderView.swift; sourceTree = "<group>"; };
		3745965A0F241E5DDAEAF5E6 /* Pods_MKTweenDemo.framework */ = {isa = PBXFileReference; explicitFileType = wrapper.framework; includeInIndex = 0; path = Pods_MKTweenDemo.framework; sourceTree = BUILT_PRODUCTS_DIR; };
		4911DE11225CC18C004866CD /* MKTween.framework */ = {isa = PBXFileReference; lastKnownFileType = wrapper.framework; name = MKTween.framework; path = ../Frameworks/MKTween.framework; sourceTree = "<group>"; };
		4911DE16225CCC7F004866CD /* Subviewable.swift */ = {isa = PBXFileReference; fileEncoding = 4; lastKnownFileType = sourcecode.swift; path = Subviewable.swift; sourceTree = "<group>"; };
		4911DE18225CCD97004866CD /* Menu.ViewController.swift */ = {isa = PBXFileReference; fileEncoding = 4; lastKnownFileType = sourcecode.swift; path = Menu.ViewController.swift; sourceTree = "<group>"; };
		4911DE1A225CE16F004866CD /* Menu.Group.ViewController.swift */ = {isa = PBXFileReference; lastKnownFileType = sourcecode.swift; path = Menu.Group.ViewController.swift; sourceTree = "<group>"; };
		4911DE1C225CEA7A004866CD /* Menu.Sequence.ViewController.swift */ = {isa = PBXFileReference; fileEncoding = 4; lastKnownFileType = sourcecode.swift; path = Menu.Sequence.ViewController.swift; sourceTree = "<group>"; };
		491C31E11C56E69F00910389 /* MKTweenDemo.app */ = {isa = PBXFileReference; explicitFileType = wrapper.application; includeInIndex = 0; path = MKTweenDemo.app; sourceTree = BUILT_PRODUCTS_DIR; };
		491C31E41C56E69F00910389 /* AppDelegate.swift */ = {isa = PBXFileReference; lastKnownFileType = sourcecode.swift; path = AppDelegate.swift; sourceTree = "<group>"; };
		491C31E61C56E69F00910389 /* Menu.Timing.ViewController.swift */ = {isa = PBXFileReference; lastKnownFileType = sourcecode.swift; path = Menu.Timing.ViewController.swift; sourceTree = "<group>"; };
		491C31EB1C56E69F00910389 /* Assets.xcassets */ = {isa = PBXFileReference; lastKnownFileType = folder.assetcatalog; path = Assets.xcassets; sourceTree = "<group>"; };
		491C31EE1C56E69F00910389 /* Base */ = {isa = PBXFileReference; lastKnownFileType = file.storyboard; name = Base; path = Base.lproj/LaunchScreen.storyboard; sourceTree = "<group>"; };
		491C31F01C56E69F00910389 /* Info.plist */ = {isa = PBXFileReference; lastKnownFileType = text.plist.xml; path = Info.plist; sourceTree = "<group>"; };
		BC0B282E93FF5933ED3EB7F7 /* Pods-MKTweenDemo.debug.xcconfig */ = {isa = PBXFileReference; includeInIndex = 1; lastKnownFileType = text.xcconfig; name = "Pods-MKTweenDemo.debug.xcconfig"; path = "Target Support Files/Pods-MKTweenDemo/Pods-MKTweenDemo.debug.xcconfig"; sourceTree = "<group>"; };
		F36467F9FEB857D59B89933D /* Pods-MKTweenDemo.release.xcconfig */ = {isa = PBXFileReference; includeInIndex = 1; lastKnownFileType = text.xcconfig; name = "Pods-MKTweenDemo.release.xcconfig"; path = "Target Support Files/Pods-MKTweenDemo/Pods-MKTweenDemo.release.xcconfig"; sourceTree = "<group>"; };
/* End PBXFileReference section */

/* Begin PBXFrameworksBuildPhase section */
		491C31DE1C56E69F00910389 /* Frameworks */ = {
			isa = PBXFrameworksBuildPhase;
			buildActionMask = 2147483647;
			files = (
				4911DE13225CC19F004866CD /* MKTween.framework in Frameworks */,
				B2F9913C415E84824D76EB9F /* Pods_MKTweenDemo.framework in Frameworks */,
			);
			runOnlyForDeploymentPostprocessing = 0;
		};
/* End PBXFrameworksBuildPhase section */

/* Begin PBXGroup section */
		1266C1CBE399C683F9A98DA0 /* Pods */ = {
			isa = PBXGroup;
			children = (
				BC0B282E93FF5933ED3EB7F7 /* Pods-MKTweenDemo.debug.xcconfig */,
				F36467F9FEB857D59B89933D /* Pods-MKTweenDemo.release.xcconfig */,
			);
			path = Pods;
			sourceTree = "<group>";
		};
		491C31D81C56E69F00910389 = {
			isa = PBXGroup;
			children = (
				4911DE11225CC18C004866CD /* MKTween.framework */,
				491C31E31C56E69F00910389 /* MKTweenDemo */,
				491C31E21C56E69F00910389 /* Products */,
				1266C1CBE399C683F9A98DA0 /* Pods */,
				6A5C769305269107D3A16B43 /* Frameworks */,
			);
			sourceTree = "<group>";
		};
		491C31E21C56E69F00910389 /* Products */ = {
			isa = PBXGroup;
			children = (
				491C31E11C56E69F00910389 /* MKTweenDemo.app */,
			);
			name = Products;
			sourceTree = "<group>";
		};
		491C31E31C56E69F00910389 /* MKTweenDemo */ = {
			isa = PBXGroup;
			children = (
				4911DE16225CCC7F004866CD /* Subviewable.swift */,
				491C31E41C56E69F00910389 /* AppDelegate.swift */,
				4911DE18225CCD97004866CD /* Menu.ViewController.swift */,
				4911DE1A225CE16F004866CD /* Menu.Group.ViewController.swift */,
				4911DE1C225CEA7A004866CD /* Menu.Sequence.ViewController.swift */,
				491C31E61C56E69F00910389 /* Menu.Timing.ViewController.swift */,
				0A2AE2A61C57AFA7007525C3 /* Menu.Timing.Cell.swift */,
				0A2AE2AA1C57C827007525C3 /* HeaderView.swift */,
				491C31EB1C56E69F00910389 /* Assets.xcassets */,
				491C31ED1C56E69F00910389 /* LaunchScreen.storyboard */,
				491C31F01C56E69F00910389 /* Info.plist */,
			);
			path = MKTweenDemo;
			sourceTree = "<group>";
		};
		6A5C769305269107D3A16B43 /* Frameworks */ = {
			isa = PBXGroup;
			children = (
				3745965A0F241E5DDAEAF5E6 /* Pods_MKTweenDemo.framework */,
			);
			name = Frameworks;
			sourceTree = "<group>";
		};
/* End PBXGroup section */

/* Begin PBXNativeTarget section */
		491C31E01C56E69F00910389 /* MKTweenDemo */ = {
			isa = PBXNativeTarget;
			buildConfigurationList = 491C31F31C56E69F00910389 /* Build configuration list for PBXNativeTarget "MKTweenDemo" */;
			buildPhases = (
				F3CF5CA739FD295C36E4D55E /* [CP] Check Pods Manifest.lock */,
				491C31DD1C56E69F00910389 /* Sources */,
				491C31DE1C56E69F00910389 /* Frameworks */,
				491C31DF1C56E69F00910389 /* Resources */,
				CE54E4EE02D4E7E28E5C8E9F /* [CP] Embed Pods Frameworks */,
				4911DE15225CC19F004866CD /* Embed Frameworks */,
			);
			buildRules = (
			);
			dependencies = (
			);
			name = MKTweenDemo;
			productName = MKTweenDemo;
			productReference = 491C31E11C56E69F00910389 /* MKTweenDemo.app */;
			productType = "com.apple.product-type.application";
		};
/* End PBXNativeTarget section */

/* Begin PBXProject section */
		491C31D91C56E69F00910389 /* Project object */ = {
			isa = PBXProject;
			attributes = {
				LastSwiftUpdateCheck = 0720;
				LastUpgradeCheck = 1010;
				ORGANIZATIONNAME = "Kevin Malkic";
				TargetAttributes = {
					491C31E01C56E69F00910389 = {
						CreatedOnToolsVersion = 7.2;
						DevelopmentTeam = 586B4BE6BL;
						LastSwiftMigration = 1010;
					};
				};
			};
			buildConfigurationList = 491C31DC1C56E69F00910389 /* Build configuration list for PBXProject "MKTweenDemo" */;
			compatibilityVersion = "Xcode 3.2";
			developmentRegion = English;
			hasScannedForEncodings = 0;
			knownRegions = (
				en,
				Base,
			);
			mainGroup = 491C31D81C56E69F00910389;
			productRefGroup = 491C31E21C56E69F00910389 /* Products */;
			projectDirPath = "";
			projectRoot = "";
			targets = (
				491C31E01C56E69F00910389 /* MKTweenDemo */,
			);
		};
/* End PBXProject section */

/* Begin PBXResourcesBuildPhase section */
		491C31DF1C56E69F00910389 /* Resources */ = {
			isa = PBXResourcesBuildPhase;
			buildActionMask = 2147483647;
			files = (
				491C31EF1C56E69F00910389 /* LaunchScreen.storyboard in Resources */,
				491C31EC1C56E69F00910389 /* Assets.xcassets in Resources */,
			);
			runOnlyForDeploymentPostprocessing = 0;
		};
/* End PBXResourcesBuildPhase section */

/* Begin PBXShellScriptBuildPhase section */
		CE54E4EE02D4E7E28E5C8E9F /* [CP] Embed Pods Frameworks */ = {
			isa = PBXShellScriptBuildPhase;
			buildActionMask = 2147483647;
			files = (
			);
			inputFileListPaths = (
			);
			inputPaths = (
				"${PODS_ROOT}/Target Support Files/Pods-MKTweenDemo/Pods-MKTweenDemo-frameworks.sh",
				"${BUILT_PRODUCTS_DIR}/Cartography/Cartography.framework",
			);
			name = "[CP] Embed Pods Frameworks";
			outputFileListPaths = (
			);
			outputPaths = (
				"${TARGET_BUILD_DIR}/${FRAMEWORKS_FOLDER_PATH}/Cartography.framework",
			);
			runOnlyForDeploymentPostprocessing = 0;
			shellPath = /bin/sh;
			shellScript = "\"${PODS_ROOT}/Target Support Files/Pods-MKTweenDemo/Pods-MKTweenDemo-frameworks.sh\"\n";
			showEnvVarsInLog = 0;
		};
		F3CF5CA739FD295C36E4D55E /* [CP] Check Pods Manifest.lock */ = {
			isa = PBXShellScriptBuildPhase;
			buildActionMask = 2147483647;
			files = (
			);
			inputFileListPaths = (
			);
			inputPaths = (
				"${PODS_PODFILE_DIR_PATH}/Podfile.lock",
				"${PODS_ROOT}/Manifest.lock",
			);
			name = "[CP] Check Pods Manifest.lock";
			outputFileListPaths = (
			);
			outputPaths = (
				"$(DERIVED_FILE_DIR)/Pods-MKTweenDemo-checkManifestLockResult.txt",
			);
			runOnlyForDeploymentPostprocessing = 0;
			shellPath = /bin/sh;
			shellScript = "diff \"${PODS_PODFILE_DIR_PATH}/Podfile.lock\" \"${PODS_ROOT}/Manifest.lock\" > /dev/null\nif [ $? != 0 ] ; then\n    # print error to STDERR\n    echo \"error: The sandbox is not in sync with the Podfile.lock. Run 'pod install' or update your CocoaPods installation.\" >&2\n    exit 1\nfi\n# This output is used by Xcode 'outputs' to avoid re-running this script phase.\necho \"SUCCESS\" > \"${SCRIPT_OUTPUT_FILE_0}\"\n";
			showEnvVarsInLog = 0;
		};
/* End PBXShellScriptBuildPhase section */

/* Begin PBXSourcesBuildPhase section */
		491C31DD1C56E69F00910389 /* Sources */ = {
			isa = PBXSourcesBuildPhase;
			buildActionMask = 2147483647;
			files = (
				0A2AE2AB1C57C827007525C3 /* HeaderView.swift in Sources */,
				4911DE19225CCD97004866CD /* Menu.ViewController.swift in Sources */,
				4911DE1B225CE16F004866CD /* Menu.Group.ViewController.swift in Sources */,
				491C31E71C56E69F00910389 /* Menu.Timing.ViewController.swift in Sources */,
				491C31E51C56E69F00910389 /* AppDelegate.swift in Sources */,
				0A2AE2A71C57AFA7007525C3 /* Menu.Timing.Cell.swift in Sources */,
				4911DE1D225CEA7A004866CD /* Menu.Sequence.ViewController.swift in Sources */,
				4911DE17225CCC7F004866CD /* Subviewable.swift in Sources */,
			);
			runOnlyForDeploymentPostprocessing = 0;
		};
/* End PBXSourcesBuildPhase section */

/* Begin PBXVariantGroup section */
		491C31ED1C56E69F00910389 /* LaunchScreen.storyboard */ = {
			isa = PBXVariantGroup;
			children = (
				491C31EE1C56E69F00910389 /* Base */,
			);
			name = LaunchScreen.storyboard;
			sourceTree = "<group>";
		};
/* End PBXVariantGroup section */

/* Begin XCBuildConfiguration section */
		491C31F11C56E69F00910389 /* Debug */ = {
			isa = XCBuildConfiguration;
			buildSettings = {
				ALWAYS_SEARCH_USER_PATHS = NO;
				CLANG_CXX_LANGUAGE_STANDARD = "gnu++0x";
				CLANG_CXX_LIBRARY = "libc++";
				CLANG_ENABLE_MODULES = YES;
				CLANG_ENABLE_OBJC_ARC = YES;
				CLANG_WARN_BLOCK_CAPTURE_AUTORELEASING = YES;
				CLANG_WARN_BOOL_CONVERSION = YES;
				CLANG_WARN_COMMA = YES;
				CLANG_WARN_CONSTANT_CONVERSION = YES;
				CLANG_WARN_DEPRECATED_OBJC_IMPLEMENTATIONS = YES;
				CLANG_WARN_DIRECT_OBJC_ISA_USAGE = YES_ERROR;
				CLANG_WARN_EMPTY_BODY = YES;
				CLANG_WARN_ENUM_CONVERSION = YES;
				CLANG_WARN_INFINITE_RECURSION = YES;
				CLANG_WARN_INT_CONVERSION = YES;
				CLANG_WARN_NON_LITERAL_NULL_CONVERSION = YES;
				CLANG_WARN_OBJC_IMPLICIT_RETAIN_SELF = YES;
				CLANG_WARN_OBJC_LITERAL_CONVERSION = YES;
				CLANG_WARN_OBJC_ROOT_CLASS = YES_ERROR;
				CLANG_WARN_RANGE_LOOP_ANALYSIS = YES;
				CLANG_WARN_STRICT_PROTOTYPES = YES;
				CLANG_WARN_SUSPICIOUS_MOVE = YES;
				CLANG_WARN_UNREACHABLE_CODE = YES;
				CLANG_WARN__DUPLICATE_METHOD_MATCH = YES;
				"CODE_SIGN_IDENTITY[sdk=iphoneos*]" = "iPhone Developer";
				COPY_PHASE_STRIP = NO;
				DEBUG_INFORMATION_FORMAT = dwarf;
				ENABLE_STRICT_OBJC_MSGSEND = YES;
				ENABLE_TESTABILITY = YES;
				GCC_C_LANGUAGE_STANDARD = gnu99;
				GCC_DYNAMIC_NO_PIC = NO;
				GCC_NO_COMMON_BLOCKS = YES;
				GCC_OPTIMIZATION_LEVEL = 0;
				GCC_PREPROCESSOR_DEFINITIONS = (
					"DEBUG=1",
					"$(inherited)",
				);
				GCC_WARN_64_TO_32_BIT_CONVERSION = YES;
				GCC_WARN_ABOUT_RETURN_TYPE = YES_ERROR;
				GCC_WARN_UNDECLARED_SELECTOR = YES;
				GCC_WARN_UNINITIALIZED_AUTOS = YES_AGGRESSIVE;
				GCC_WARN_UNUSED_FUNCTION = YES;
				GCC_WARN_UNUSED_VARIABLE = YES;
				IPHONEOS_DEPLOYMENT_TARGET = 9.0;
				MTL_ENABLE_DEBUG_INFO = YES;
				ONLY_ACTIVE_ARCH = YES;
				SDKROOT = iphoneos;
				SWIFT_OPTIMIZATION_LEVEL = "-Onone";
				TARGETED_DEVICE_FAMILY = "1,2";
			};
			name = Debug;
		};
		491C31F21C56E69F00910389 /* Release */ = {
			isa = XCBuildConfiguration;
			buildSettings = {
				ALWAYS_SEARCH_USER_PATHS = NO;
				CLANG_CXX_LANGUAGE_STANDARD = "gnu++0x";
				CLANG_CXX_LIBRARY = "libc++";
				CLANG_ENABLE_MODULES = YES;
				CLANG_ENABLE_OBJC_ARC = YES;
				CLANG_WARN_BLOCK_CAPTURE_AUTORELEASING = YES;
				CLANG_WARN_BOOL_CONVERSION = YES;
				CLANG_WARN_COMMA = YES;
				CLANG_WARN_CONSTANT_CONVERSION = YES;
				CLANG_WARN_DEPRECATED_OBJC_IMPLEMENTATIONS = YES;
				CLANG_WARN_DIRECT_OBJC_ISA_USAGE = YES_ERROR;
				CLANG_WARN_EMPTY_BODY = YES;
				CLANG_WARN_ENUM_CONVERSION = YES;
				CLANG_WARN_INFINITE_RECURSION = YES;
				CLANG_WARN_INT_CONVERSION = YES;
				CLANG_WARN_NON_LITERAL_NULL_CONVERSION = YES;
				CLANG_WARN_OBJC_IMPLICIT_RETAIN_SELF = YES;
				CLANG_WARN_OBJC_LITERAL_CONVERSION = YES;
				CLANG_WARN_OBJC_ROOT_CLASS = YES_ERROR;
				CLANG_WARN_RANGE_LOOP_ANALYSIS = YES;
				CLANG_WARN_STRICT_PROTOTYPES = YES;
				CLANG_WARN_SUSPICIOUS_MOVE = YES;
				CLANG_WARN_UNREACHABLE_CODE = YES;
				CLANG_WARN__DUPLICATE_METHOD_MATCH = YES;
				"CODE_SIGN_IDENTITY[sdk=iphoneos*]" = "iPhone Developer";
				COPY_PHASE_STRIP = NO;
				DEBUG_INFORMATION_FORMAT = "dwarf-with-dsym";
				ENABLE_NS_ASSERTIONS = NO;
				ENABLE_STRICT_OBJC_MSGSEND = YES;
				GCC_C_LANGUAGE_STANDARD = gnu99;
				GCC_NO_COMMON_BLOCKS = YES;
				GCC_WARN_64_TO_32_BIT_CONVERSION = YES;
				GCC_WARN_ABOUT_RETURN_TYPE = YES_ERROR;
				GCC_WARN_UNDECLARED_SELECTOR = YES;
				GCC_WARN_UNINITIALIZED_AUTOS = YES_AGGRESSIVE;
				GCC_WARN_UNUSED_FUNCTION = YES;
				GCC_WARN_UNUSED_VARIABLE = YES;
				IPHONEOS_DEPLOYMENT_TARGET = 9.0;
				MTL_ENABLE_DEBUG_INFO = NO;
				SDKROOT = iphoneos;
				SWIFT_OPTIMIZATION_LEVEL = "-Owholemodule";
				TARGETED_DEVICE_FAMILY = "1,2";
				VALIDATE_PRODUCT = YES;
			};
			name = Release;
		};
		491C31F41C56E69F00910389 /* Debug */ = {
			isa = XCBuildConfiguration;
			baseConfigurationReference = BC0B282E93FF5933ED3EB7F7 /* Pods-MKTweenDemo.debug.xcconfig */;
			buildSettings = {
				ASSETCATALOG_COMPILER_APPICON_NAME = AppIcon;
				DEVELOPMENT_TEAM = 586B4BE6BL;
				FRAMEWORK_SEARCH_PATHS = "$(inherited)";
				HEADER_SEARCH_PATHS = "$(inherited)";
				INFOPLIST_FILE = MKTweenDemo/Info.plist;
				IPHONEOS_DEPLOYMENT_TARGET = 11.0;
				LD_RUNPATH_SEARCH_PATHS = "$(inherited) @executable_path/Frameworks";
				PRODUCT_BUNDLE_IDENTIFIER = com.kevinmalkic.MKTweenDemo;
				PRODUCT_NAME = "$(TARGET_NAME)";
				SWIFT_VERSION = 4.2;
			};
			name = Debug;
		};
		491C31F51C56E69F00910389 /* Release */ = {
			isa = XCBuildConfiguration;
			baseConfigurationReference = F36467F9FEB857D59B89933D /* Pods-MKTweenDemo.release.xcconfig */;
			buildSettings = {
				ASSETCATALOG_COMPILER_APPICON_NAME = AppIcon;
				DEVELOPMENT_TEAM = 586B4BE6BL;
				FRAMEWORK_SEARCH_PATHS = "$(inherited)";
				HEADER_SEARCH_PATHS = "$(inherited)";
				INFOPLIST_FILE = MKTweenDemo/Info.plist;
				IPHONEOS_DEPLOYMENT_TARGET = 11.0;
				LD_RUNPATH_SEARCH_PATHS = "$(inherited) @executable_path/Frameworks";
				PRODUCT_BUNDLE_IDENTIFIER = com.kevinmalkic.MKTweenDemo;
				PRODUCT_NAME = "$(TARGET_NAME)";
				SWIFT_VERSION = 4.2;
			};
			name = Release;
		};
/* End XCBuildConfiguration section */

/* Begin XCConfigurationList section */
		491C31DC1C56E69F00910389 /* Build configuration list for PBXProject "MKTweenDemo" */ = {
			isa = XCConfigurationList;
			buildConfigurations = (
				491C31F11C56E69F00910389 /* Debug */,
				491C31F21C56E69F00910389 /* Release */,
			);
			defaultConfigurationIsVisible = 0;
			defaultConfigurationName = Release;
		};
		491C31F31C56E69F00910389 /* Build configuration list for PBXNativeTarget "MKTweenDemo" */ = {
			isa = XCConfigurationList;
			buildConfigurations = (
				491C31F41C56E69F00910389 /* Debug */,
				491C31F51C56E69F00910389 /* Release */,
			);
			defaultConfigurationIsVisible = 0;
			defaultConfigurationName = Release;
		};
/* End XCConfigurationList section */
	};
	rootObject = 491C31D91C56E69F00910389 /* Project object */;
}
